
Microsoft Visual Studio Solution File, Format Version 12.00
# Visual Studio Version 17
VisualStudioVersion = 17.10.35122.118
MinimumVisualStudioVersion = 10.0.40219.1
Project("{9A19103F-16F7-4668-BE54-9A1E7A4F7556}") = "Messenger", "Messenger.csproj", "{7CB403DD-D42A-4BC6-A027-9E6FCBBA9801}"
EndProject
Global
	GlobalSection(SolutionConfigurationPlatforms) = preSolution
		Debug|Any CPU = Debug|Any CPU
		Release|Any CPU = Release|Any CPU
	EndGlobalSection
	GlobalSection(ProjectConfigurationPlatforms) = postSolution
		{7CB403DD-D42A-4BC6-A027-9E6FCBBA9801}.Debug|Any CPU.ActiveCfg = Debug|Any CPU
		{7CB403DD-D42A-4BC6-A027-9E6FCBBA9801}.Debug|Any CPU.Build.0 = Debug|Any CPU
		{7CB403DD-D42A-4BC6-A027-9E6FCBBA9801}.Release|Any CPU.ActiveCfg = Release|Any CPU
		{7CB403DD-D42A-4BC6-A027-9E6FCBBA9801}.Release|Any CPU.Build.0 = Release|Any CPU
	EndGlobalSection
	GlobalSection(SolutionProperties) = preSolution
		HideSolutionNode = FALSE
	EndGlobalSection
	GlobalSection(ExtensibilityGlobals) = postSolution
		SolutionGuid = {4D55C9D3-3843-4CD4-A8BE-EAD03ACF0807}
	EndGlobalSection
EndGlobal
